
Microsoft Visual Studio Solution File, Format Version 12.00
# Visual Studio Version 16
VisualStudioVersion = 16.0.32510.428
MinimumVisualStudioVersion = 10.0.40219.1
Project("{FAE04EC0-301F-11D3-BF4B-00C04F79EFBC}") = "Console", "Console.csproj", "{AC8239A0-B55D-4638-85A4-8DD6BCB3BC90}"
EndProject
Project("{FAE04EC0-301F-11D3-BF4B-00C04F79EFBC}") = "BLL", "..\BLL\BLL.csproj", "{0371E073-B44E-4472-8C92-6699B86ECDC9}"
EndProject
Project("{FAE04EC0-301F-11D3-BF4B-00C04F79EFBC}") = "DAL", "..\DAL\DAL.csproj", "{603B74C0-60FF-4C3C-B4C3-F740F293E26F}"
EndProject
Global
	GlobalSection(SolutionConfigurationPlatforms) = preSolution
		Debug|Any CPU = Debug|Any CPU
		Release|Any CPU = Release|Any CPU
	EndGlobalSection
	GlobalSection(ProjectConfigurationPlatforms) = postSolution
		{AC8239A0-B55D-4638-85A4-8DD6BCB3BC90}.Debug|Any CPU.ActiveCfg = Debug|Any CPU
		{AC8239A0-B55D-4638-85A4-8DD6BCB3BC90}.Debug|Any CPU.Build.0 = Debug|Any CPU
		{AC8239A0-B55D-4638-85A4-8DD6BCB3BC90}.Release|Any CPU.ActiveCfg = Release|Any CPU
		{AC8239A0-B55D-4638-85A4-8DD6BCB3BC90}.Release|Any CPU.Build.0 = Release|Any CPU
		{0371E073-B44E-4472-8C92-6699B86ECDC9}.Debug|Any CPU.ActiveCfg = Debug|Any CPU
		{0371E073-B44E-4472-8C92-6699B86ECDC9}.Debug|Any CPU.Build.0 = Debug|Any CPU
		{0371E073-B44E-4472-8C92-6699B86ECDC9}.Release|Any CPU.ActiveCfg = Release|Any CPU
		{0371E073-B44E-4472-8C92-6699B86ECDC9}.Release|Any CPU.Build.0 = Release|Any CPU
		{603B74C0-60FF-4C3C-B4C3-F740F293E26F}.Debug|Any CPU.ActiveCfg = Debug|Any CPU
		{603B74C0-60FF-4C3C-B4C3-F740F293E26F}.Debug|Any CPU.Build.0 = Debug|Any CPU
		{603B74C0-60FF-4C3C-B4C3-F740F293E26F}.Release|Any CPU.ActiveCfg = Release|Any CPU
		{603B74C0-60FF-4C3C-B4C3-F740F293E26F}.Release|Any CPU.Build.0 = Release|Any CPU
	EndGlobalSection
	GlobalSection(SolutionProperties) = preSolution
		HideSolutionNode = FALSE
	EndGlobalSection
	GlobalSection(ExtensibilityGlobals) = postSolution
		SolutionGuid = {7D53BDF3-3168-44F0-B4BE-C2D3886B17E3}
	EndGlobalSection
EndGlobal
