
Microsoft Visual Studio Solution File, Format Version 12.00
# Visual Studio Version 16
VisualStudioVersion = 16.0.32510.428
MinimumVisualStudioVersion = 10.0.40219.1
Project("{FAE04EC0-301F-11D3-BF4B-00C04F79EFBC}") = "lab4", "lab4.csproj", "{698F0962-EFB8-418A-9817-8D8779695535}"
EndProject
Global
	GlobalSection(SolutionConfigurationPlatforms) = preSolution
		Debug|Any CPU = Debug|Any CPU
		Release|Any CPU = Release|Any CPU
	EndGlobalSection
	GlobalSection(ProjectConfigurationPlatforms) = postSolution
		{698F0962-EFB8-418A-9817-8D8779695535}.Debug|Any CPU.ActiveCfg = Debug|Any CPU
		{698F0962-EFB8-418A-9817-8D8779695535}.Debug|Any CPU.Build.0 = Debug|Any CPU
		{698F0962-EFB8-418A-9817-8D8779695535}.Release|Any CPU.ActiveCfg = Release|Any CPU
		{698F0962-EFB8-418A-9817-8D8779695535}.Release|Any CPU.Build.0 = Release|Any CPU
	EndGlobalSection
	GlobalSection(SolutionProperties) = preSolution
		HideSolutionNode = FALSE
	EndGlobalSection
	GlobalSection(ExtensibilityGlobals) = postSolution
		SolutionGuid = {35B9961C-F7CB-43EC-807B-F0F6E8057E0D}
	EndGlobalSection
EndGlobal
